
Microsoft Visual Studio Solution File, Format Version 12.00
# Visual Studio Version 17
VisualStudioVersion = 17.2.32526.322
MinimumVisualStudioVersion = 10.0.40219.1
Project("{FAE04EC0-301F-11D3-BF4B-00C04F79EFBC}") = "LytkovaSidneva", "LytkovaSidneva.csproj", "{47105040-9AE5-4B0A-B390-553A6E170288}"
EndProject
Global
	GlobalSection(SolutionConfigurationPlatforms) = preSolution
		Debug|Any CPU = Debug|Any CPU
		Release|Any CPU = Release|Any CPU
	EndGlobalSection
	GlobalSection(ProjectConfigurationPlatforms) = postSolution
		{47105040-9AE5-4B0A-B390-553A6E170288}.Debug|Any CPU.ActiveCfg = Debug|Any CPU
		{47105040-9AE5-4B0A-B390-553A6E170288}.Debug|Any CPU.Build.0 = Debug|Any CPU
		{47105040-9AE5-4B0A-B390-553A6E170288}.Release|Any CPU.ActiveCfg = Release|Any CPU
		{47105040-9AE5-4B0A-B390-553A6E170288}.Release|Any CPU.Build.0 = Release|Any CPU
	EndGlobalSection
	GlobalSection(SolutionProperties) = preSolution
		HideSolutionNode = FALSE
	EndGlobalSection
	GlobalSection(ExtensibilityGlobals) = postSolution
		SolutionGuid = {1FE14A73-258F-432E-A749-37A90813A2CB}
	EndGlobalSection
EndGlobal
